
Microsoft Visual Studio Solution File, Format Version 12.00
# Visual Studio Version 16
VisualStudioVersion = 16.0.32106.194
MinimumVisualStudioVersion = 10.0.40219.1
Project("{FAE04EC0-301F-11D3-BF4B-00C04F79EFBC}") = "Api_Carro", "Api_Carro\Api_Carro.csproj", "{30D0588B-F07F-4442-B428-9C63476217E6}"
EndProject
Global
	GlobalSection(SolutionConfigurationPlatforms) = preSolution
		Debug|Any CPU = Debug|Any CPU
		Release|Any CPU = Release|Any CPU
	EndGlobalSection
	GlobalSection(ProjectConfigurationPlatforms) = postSolution
		{30D0588B-F07F-4442-B428-9C63476217E6}.Debug|Any CPU.ActiveCfg = Debug|Any CPU
		{30D0588B-F07F-4442-B428-9C63476217E6}.Debug|Any CPU.Build.0 = Debug|Any CPU
		{30D0588B-F07F-4442-B428-9C63476217E6}.Release|Any CPU.ActiveCfg = Release|Any CPU
		{30D0588B-F07F-4442-B428-9C63476217E6}.Release|Any CPU.Build.0 = Release|Any CPU
	EndGlobalSection
	GlobalSection(SolutionProperties) = preSolution
		HideSolutionNode = FALSE
	EndGlobalSection
	GlobalSection(ExtensibilityGlobals) = postSolution
		SolutionGuid = {57446E5A-666C-4F63-87CB-6D7D64FFF6D6}
	EndGlobalSection
EndGlobal
